
Microsoft Visual Studio Solution File, Format Version 12.00
# Visual Studio 2012
Project("{FAE04EC0-301F-11D3-BF4B-00C04F79EFBC}") = "Testfeed", "Testfeed\Testfeed.csproj", "{0C9251F5-7CE2-4D27-BF60-415599427EC5}"
EndProject
Global
	GlobalSection(SolutionConfigurationPlatforms) = preSolution
		Debug|iPhoneSimulator = Debug|iPhoneSimulator
		Release|iPhone = Release|iPhone
		Release|iPhoneSimulator = Release|iPhoneSimulator
		Debug|iPhone = Debug|iPhone
	EndGlobalSection
	GlobalSection(ProjectConfigurationPlatforms) = postSolution
		{0C9251F5-7CE2-4D27-BF60-415599427EC5}.Debug|iPhone.ActiveCfg = Debug|iPhone
		{0C9251F5-7CE2-4D27-BF60-415599427EC5}.Debug|iPhone.Build.0 = Debug|iPhone
		{0C9251F5-7CE2-4D27-BF60-415599427EC5}.Debug|iPhoneSimulator.ActiveCfg = Debug|iPhoneSimulator
		{0C9251F5-7CE2-4D27-BF60-415599427EC5}.Debug|iPhoneSimulator.Build.0 = Debug|iPhoneSimulator
		{0C9251F5-7CE2-4D27-BF60-415599427EC5}.Release|iPhone.ActiveCfg = Release|iPhone
		{0C9251F5-7CE2-4D27-BF60-415599427EC5}.Release|iPhone.Build.0 = Release|iPhone
		{0C9251F5-7CE2-4D27-BF60-415599427EC5}.Release|iPhoneSimulator.ActiveCfg = Release|iPhoneSimulator
		{0C9251F5-7CE2-4D27-BF60-415599427EC5}.Release|iPhoneSimulator.Build.0 = Release|iPhoneSimulator
	EndGlobalSection
EndGlobal
